
Microsoft Visual Studio Solution File, Format Version 12.00
# Visual Studio Version 17
VisualStudioVersion = 17.9.34511.98
MinimumVisualStudioVersion = 10.0.40219.1
Project("{FAE04EC0-301F-11D3-BF4B-00C04F79EFBC}") = "SelfHostHttpServer", "SelfHostHttpServer\SelfHostHttpServer.csproj", "{A392FF59-8C78-4962-8D4B-D6BEE27A7637}"
EndProject
Global
	GlobalSection(SolutionConfigurationPlatforms) = preSolution
		Debug|Any CPU = Debug|Any CPU
		Release|Any CPU = Release|Any CPU
	EndGlobalSection
	GlobalSection(ProjectConfigurationPlatforms) = postSolution
		{A392FF59-8C78-4962-8D4B-D6BEE27A7637}.Debug|Any CPU.ActiveCfg = Debug|Any CPU
		{A392FF59-8C78-4962-8D4B-D6BEE27A7637}.Debug|Any CPU.Build.0 = Debug|Any CPU
		{A392FF59-8C78-4962-8D4B-D6BEE27A7637}.Release|Any CPU.ActiveCfg = Release|Any CPU
		{A392FF59-8C78-4962-8D4B-D6BEE27A7637}.Release|Any CPU.Build.0 = Release|Any CPU
	EndGlobalSection
	GlobalSection(SolutionProperties) = preSolution
		HideSolutionNode = FALSE
	EndGlobalSection
	GlobalSection(ExtensibilityGlobals) = postSolution
		SolutionGuid = {A4737642-5D29-45F9-84FD-D8659E5193A7}
	EndGlobalSection
EndGlobal
